
Microsoft Visual Studio Solution File, Format Version 12.00
# Visual Studio Version 17
VisualStudioVersion = 17.3.32825.248
MinimumVisualStudioVersion = 10.0.40219.1
Project("{FAE04EC0-301F-11D3-BF4B-00C04F79EFBC}") = "exercicio 1d for", "exercicio 1d for.csproj", "{FB2FCE9B-6409-431B-8CA5-E73BB6318507}"
EndProject
Global
	GlobalSection(SolutionConfigurationPlatforms) = preSolution
		Debug|Any CPU = Debug|Any CPU
		Release|Any CPU = Release|Any CPU
	EndGlobalSection
	GlobalSection(ProjectConfigurationPlatforms) = postSolution
		{FB2FCE9B-6409-431B-8CA5-E73BB6318507}.Debug|Any CPU.ActiveCfg = Debug|Any CPU
		{FB2FCE9B-6409-431B-8CA5-E73BB6318507}.Debug|Any CPU.Build.0 = Debug|Any CPU
		{FB2FCE9B-6409-431B-8CA5-E73BB6318507}.Release|Any CPU.ActiveCfg = Release|Any CPU
		{FB2FCE9B-6409-431B-8CA5-E73BB6318507}.Release|Any CPU.Build.0 = Release|Any CPU
	EndGlobalSection
	GlobalSection(SolutionProperties) = preSolution
		HideSolutionNode = FALSE
	EndGlobalSection
	GlobalSection(ExtensibilityGlobals) = postSolution
		SolutionGuid = {786F33E3-5CAB-4DAC-B3ED-15BF83444723}
	EndGlobalSection
EndGlobal
