
Microsoft Visual Studio Solution File, Format Version 12.00
# Visual Studio Version 17
VisualStudioVersion = 17.3.32825.248
MinimumVisualStudioVersion = 10.0.40219.1
Project("{FAE04EC0-301F-11D3-BF4B-00C04F79EFBC}") = "exercicio 1a for", "exercicio 1a for.csproj", "{C5321355-DAD3-4047-A977-2A8BC8A5116D}"
EndProject
Global
	GlobalSection(SolutionConfigurationPlatforms) = preSolution
		Debug|Any CPU = Debug|Any CPU
		Release|Any CPU = Release|Any CPU
	EndGlobalSection
	GlobalSection(ProjectConfigurationPlatforms) = postSolution
		{C5321355-DAD3-4047-A977-2A8BC8A5116D}.Debug|Any CPU.ActiveCfg = Debug|Any CPU
		{C5321355-DAD3-4047-A977-2A8BC8A5116D}.Debug|Any CPU.Build.0 = Debug|Any CPU
		{C5321355-DAD3-4047-A977-2A8BC8A5116D}.Release|Any CPU.ActiveCfg = Release|Any CPU
		{C5321355-DAD3-4047-A977-2A8BC8A5116D}.Release|Any CPU.Build.0 = Release|Any CPU
	EndGlobalSection
	GlobalSection(SolutionProperties) = preSolution
		HideSolutionNode = FALSE
	EndGlobalSection
	GlobalSection(ExtensibilityGlobals) = postSolution
		SolutionGuid = {87C0A131-95AA-485E-B42C-9CAEBE8AFF45}
	EndGlobalSection
EndGlobal
